// !$*UTF8*$!
{
	archiveVersion = 1;
	classes = {
	};
	objectVersion = 55;
	objects = {

/* Begin PBXBuildFile section */
		7EB5860827F3006200DB7298 /* Kodif.docc in Sources */ = {isa = PBXBuildFile; fileRef = 7EB5860727F3006200DB7298 /* Kodif.docc */; };
		7EB5860E27F3006300DB7298 /* Kodif.framework in Frameworks */ = {isa = PBXBuildFile; fileRef = 7EB5860327F3006200DB7298 /* Kodif.framework */; };
		7EB5861327F3006300DB7298 /* KodifTests.swift in Sources */ = {isa = PBXBuildFile; fileRef = 7EB5861227F3006300DB7298 /* KodifTests.swift */; };
		7EB5861427F3006300DB7298 /* Kodif.h in Headers */ = {isa = PBXBuildFile; fileRef = 7EB5860627F3006200DB7298 /* Kodif.h */; settings = {ATTRIBUTES = (Public, ); }; };
		7EB5861E27F300F200DB7298 /* Extensions.swift in Sources */ = {isa = PBXBuildFile; fileRef = 7EB5861D27F300F200DB7298 /* Extensions.swift */; };
/* End PBXBuildFile section */

/* Begin PBXContainerItemProxy section */
		7EB5860F27F3006300DB7298 /* PBXContainerItemProxy */ = {
			isa = PBXContainerItemProxy;
			containerPortal = 7EB585FA27F3006200DB7298 /* Project object */;
			proxyType = 1;
			remoteGlobalIDString = 7EB5860227F3006200DB7298;
			remoteInfo = Kodif;
		};
/* End PBXContainerItemProxy section */

/* Begin PBXFileReference section */
		7EB5860327F3006200DB7298 /* Kodif.framework */ = {isa = PBXFileReference; explicitFileType = wrapper.framework; includeInIndex = 0; path = Kodif.framework; sourceTree = BUILT_PRODUCTS_DIR; };
		7EB5860627F3006200DB7298 /* Kodif.h */ = {isa = PBXFileReference; lastKnownFileType = sourcecode.c.h; path = Kodif.h; sourceTree = "<group>"; };
		7EB5860727F3006200DB7298 /* Kodif.docc */ = {isa = PBXFileReference; lastKnownFileType = folder.documentationcatalog; path = Kodif.docc; sourceTree = "<group>"; };
		7EB5860D27F3006300DB7298 /* KodifTests.xctest */ = {isa = PBXFileReference; explicitFileType = wrapper.cfbundle; includeInIndex = 0; path = KodifTests.xctest; sourceTree = BUILT_PRODUCTS_DIR; };
		7EB5861227F3006300DB7298 /* KodifTests.swift */ = {isa = PBXFileReference; lastKnownFileType = sourcecode.swift; path = KodifTests.swift; sourceTree = "<group>"; };
		7EB5861D27F300F200DB7298 /* Extensions.swift */ = {isa = PBXFileReference; fileEncoding = 4; lastKnownFileType = sourcecode.swift; path = Extensions.swift; sourceTree = "<group>"; };
/* End PBXFileReference section */

/* Begin PBXFrameworksBuildPhase section */
		7EB5860027F3006200DB7298 /* Frameworks */ = {
			isa = PBXFrameworksBuildPhase;
			buildActionMask = 2147483647;
			files = (
			);
			runOnlyForDeploymentPostprocessing = 0;
		};
		7EB5860A27F3006300DB7298 /* Frameworks */ = {
			isa = PBXFrameworksBuildPhase;
			buildActionMask = 2147483647;
			files = (
				7EB5860E27F3006300DB7298 /* Kodif.framework in Frameworks */,
			);
			runOnlyForDeploymentPostprocessing = 0;
		};
/* End PBXFrameworksBuildPhase section */

/* Begin PBXGroup section */
		7EB585F927F3006200DB7298 = {
			isa = PBXGroup;
			children = (
				7EB5860527F3006200DB7298 /* Kodif */,
				7EB5861127F3006300DB7298 /* KodifTests */,
				7EB5860427F3006200DB7298 /* Products */,
			);
			sourceTree = "<group>";
		};
		7EB5860427F3006200DB7298 /* Products */ = {
			isa = PBXGroup;
			children = (
				7EB5860327F3006200DB7298 /* Kodif.framework */,
				7EB5860D27F3006300DB7298 /* KodifTests.xctest */,
			);
			name = Products;
			sourceTree = "<group>";
		};
		7EB5860527F3006200DB7298 /* Kodif */ = {
			isa = PBXGroup;
			children = (
				7EB5860627F3006200DB7298 /* Kodif.h */,
				7EB5861D27F300F200DB7298 /* Extensions.swift */,
				7EB5860727F3006200DB7298 /* Kodif.docc */,
			);
			path = Kodif;
			sourceTree = "<group>";
		};
		7EB5861127F3006300DB7298 /* KodifTests */ = {
			isa = PBXGroup;
			children = (
				7EB5861227F3006300DB7298 /* KodifTests.swift */,
			);
			path = KodifTests;
			sourceTree = "<group>";
		};
/* End PBXGroup section */

/* Begin PBXHeadersBuildPhase section */
		7EB585FE27F3006200DB7298 /* Headers */ = {
			isa = PBXHeadersBuildPhase;
			buildActionMask = 2147483647;
			files = (
				7EB5861427F3006300DB7298 /* Kodif.h in Headers */,
			);
			runOnlyForDeploymentPostprocessing = 0;
		};
/* End PBXHeadersBuildPhase section */

/* Begin PBXNativeTarget section */
		7EB5860227F3006200DB7298 /* Kodif */ = {
			isa = PBXNativeTarget;
			buildConfigurationList = 7EB5861727F3006300DB7298 /* Build configuration list for PBXNativeTarget "Kodif" */;
			buildPhases = (
				7EB585FE27F3006200DB7298 /* Headers */,
				7EB585FF27F3006200DB7298 /* Sources */,
				7EB5860027F3006200DB7298 /* Frameworks */,
				7EB5860127F3006200DB7298 /* Resources */,
			);
			buildRules = (
			);
			dependencies = (
			);
			name = Kodif;
			productName = Kodif;
			productReference = 7EB5860327F3006200DB7298 /* Kodif.framework */;
			productType = "com.apple.product-type.framework";
		};
		7EB5860C27F3006300DB7298 /* KodifTests */ = {
			isa = PBXNativeTarget;
			buildConfigurationList = 7EB5861A27F3006300DB7298 /* Build configuration list for PBXNativeTarget "KodifTests" */;
			buildPhases = (
				7EB5860927F3006300DB7298 /* Sources */,
				7EB5860A27F3006300DB7298 /* Frameworks */,
				7EB5860B27F3006300DB7298 /* Resources */,
			);
			buildRules = (
			);
			dependencies = (
				7EB5861027F3006300DB7298 /* PBXTargetDependency */,
			);
			name = KodifTests;
			productName = KodifTests;
			productReference = 7EB5860D27F3006300DB7298 /* KodifTests.xctest */;
			productType = "com.apple.product-type.bundle.unit-test";
		};
/* End PBXNativeTarget section */

/* Begin PBXProject section */
		7EB585FA27F3006200DB7298 /* Project object */ = {
			isa = PBXProject;
			attributes = {
				BuildIndependentTargetsInParallel = 1;
				LastSwiftUpdateCheck = 1330;
				LastUpgradeCheck = 1330;
				TargetAttributes = {
					7EB5860227F3006200DB7298 = {
						CreatedOnToolsVersion = 13.3;
					};
					7EB5860C27F3006300DB7298 = {
						CreatedOnToolsVersion = 13.3;
					};
				};
			};
			buildConfigurationList = 7EB585FD27F3006200DB7298 /* Build configuration list for PBXProject "Kodif" */;
			compatibilityVersion = "Xcode 13.0";
			developmentRegion = en;
			hasScannedForEncodings = 0;
			knownRegions = (
				en,
				Base,
			);
			mainGroup = 7EB585F927F3006200DB7298;
			productRefGroup = 7EB5860427F3006200DB7298 /* Products */;
			projectDirPath = "";
			projectRoot = "";
			targets = (
				7EB5860227F3006200DB7298 /* Kodif */,
				7EB5860C27F3006300DB7298 /* KodifTests */,
			);
		};
/* End PBXProject section */

/* Begin PBXResourcesBuildPhase section */
		7EB5860127F3006200DB7298 /* Resources */ = {
			isa = PBXResourcesBuildPhase;
			buildActionMask = 2147483647;
			files = (
			);
			runOnlyForDeploymentPostprocessing = 0;
		};
		7EB5860B27F3006300DB7298 /* Resources */ = {
			isa = PBXResourcesBuildPhase;
			buildActionMask = 2147483647;
			files = (
			);
			runOnlyForDeploymentPostprocessing = 0;
		};
/* End PBXResourcesBuildPhase section */

/* Begin PBXSourcesBuildPhase section */
		7EB585FF27F3006200DB7298 /* Sources */ = {
			isa = PBXSourcesBuildPhase;
			buildActionMask = 2147483647;
			files = (
				7EB5860827F3006200DB7298 /* Kodif.docc in Sources */,
				7EB5861E27F300F200DB7298 /* Extensions.swift in Sources */,
			);
			runOnlyForDeploymentPostprocessing = 0;
		};
		7EB5860927F3006300DB7298 /* Sources */ = {
			isa = PBXSourcesBuildPhase;
			buildActionMask = 2147483647;
			files = (
				7EB5861327F3006300DB7298 /* KodifTests.swift in Sources */,
			);
			runOnlyForDeploymentPostprocessing = 0;
		};
/* End PBXSourcesBuildPhase section */

/* Begin PBXTargetDependency section */
		7EB5861027F3006300DB7298 /* PBXTargetDependency */ = {
			isa = PBXTargetDependency;
			target = 7EB5860227F3006200DB7298 /* Kodif */;
			targetProxy = 7EB5860F27F3006300DB7298 /* PBXContainerItemProxy */;
		};
/* End PBXTargetDependency section */

/* Begin XCBuildConfiguration section */
		7EB5861527F3006300DB7298 /* Debug */ = {
			isa = XCBuildConfiguration;
			buildSettings = {
				ALWAYS_SEARCH_USER_PATHS = NO;
				CLANG_ANALYZER_NONNULL = YES;
				CLANG_ANALYZER_NUMBER_OBJECT_CONVERSION = YES_AGGRESSIVE;
				CLANG_CXX_LANGUAGE_STANDARD = "gnu++17";
				CLANG_ENABLE_MODULES = YES;
				CLANG_ENABLE_OBJC_ARC = YES;
				CLANG_ENABLE_OBJC_WEAK = YES;
				CLANG_WARN_BLOCK_CAPTURE_AUTORELEASING = YES;
				CLANG_WARN_BOOL_CONVERSION = YES;
				CLANG_WARN_COMMA = YES;
				CLANG_WARN_CONSTANT_CONVERSION = YES;
				CLANG_WARN_DEPRECATED_OBJC_IMPLEMENTATIONS = YES;
				CLANG_WARN_DIRECT_OBJC_ISA_USAGE = YES_ERROR;
				CLANG_WARN_DOCUMENTATION_COMMENTS = YES;
				CLANG_WARN_EMPTY_BODY = YES;
				CLANG_WARN_ENUM_CONVERSION = YES;
				CLANG_WARN_INFINITE_RECURSION = YES;
				CLANG_WARN_INT_CONVERSION = YES;
				CLANG_WARN_NON_LITERAL_NULL_CONVERSION = YES;
				CLANG_WARN_OBJC_IMPLICIT_RETAIN_SELF = YES;
				CLANG_WARN_OBJC_LITERAL_CONVERSION = YES;
				CLANG_WARN_OBJC_ROOT_CLASS = YES_ERROR;
				CLANG_WARN_QUOTED_INCLUDE_IN_FRAMEWORK_HEADER = YES;
				CLANG_WARN_RANGE_LOOP_ANALYSIS = YES;
				CLANG_WARN_STRICT_PROTOTYPES = YES;
				CLANG_WARN_SUSPICIOUS_MOVE = YES;
				CLANG_WARN_UNGUARDED_AVAILABILITY = YES_AGGRESSIVE;
				CLANG_WARN_UNREACHABLE_CODE = YES;
				CLANG_WARN__DUPLICATE_METHOD_MATCH = YES;
				COPY_PHASE_STRIP = NO;
				CURRENT_PROJECT_VERSION = 1;
				DEBUG_INFORMATION_FORMAT = dwarf;
				ENABLE_STRICT_OBJC_MSGSEND = YES;
				ENABLE_TESTABILITY = YES;
				GCC_C_LANGUAGE_STANDARD = gnu11;
				GCC_DYNAMIC_NO_PIC = NO;
				GCC_NO_COMMON_BLOCKS = YES;
				GCC_OPTIMIZATION_LEVEL = 0;
				GCC_PREPROCESSOR_DEFINITIONS = (
					"DEBUG=1",
					"$(inherited)",
				);
				GCC_WARN_64_TO_32_BIT_CONVERSION = YES;
				GCC_WARN_ABOUT_RETURN_TYPE = YES_ERROR;
				GCC_WARN_UNDECLARED_SELECTOR = YES;
				GCC_WARN_UNINITIALIZED_AUTOS = YES_AGGRESSIVE;
				GCC_WARN_UNUSED_FUNCTION = YES;
				GCC_WARN_UNUSED_VARIABLE = YES;
				IPHONEOS_DEPLOYMENT_TARGET = 15.4;
				MTL_ENABLE_DEBUG_INFO = INCLUDE_SOURCE;
				MTL_FAST_MATH = YES;
				ONLY_ACTIVE_ARCH = YES;
				SDKROOT = iphoneos;
				SWIFT_ACTIVE_COMPILATION_CONDITIONS = DEBUG;
				SWIFT_OPTIMIZATION_LEVEL = "-Onone";
				VERSIONING_SYSTEM = "apple-generic";
				VERSION_INFO_PREFIX = "";
			};
			name = Debug;
		};
		7EB5861627F3006300DB7298 /* Release */ = {
			isa = XCBuildConfiguration;
			buildSettings = {
				ALWAYS_SEARCH_USER_PATHS = NO;
				CLANG_ANALYZER_NONNULL = YES;
				CLANG_ANALYZER_NUMBER_OBJECT_CONVERSION = YES_AGGRESSIVE;
				CLANG_CXX_LANGUAGE_STANDARD = "gnu++17";
				CLANG_ENABLE_MODULES = YES;
				CLANG_ENABLE_OBJC_ARC = YES;
				CLANG_ENABLE_OBJC_WEAK = YES;
				CLANG_WARN_BLOCK_CAPTURE_AUTORELEASING = YES;
				CLANG_WARN_BOOL_CONVERSION = YES;
				CLANG_WARN_COMMA = YES;
				CLANG_WARN_CONSTANT_CONVERSION = YES;
				CLANG_WARN_DEPRECATED_OBJC_IMPLEMENTATIONS = YES;
				CLANG_WARN_DIRECT_OBJC_ISA_USAGE = YES_ERROR;
				CLANG_WARN_DOCUMENTATION_COMMENTS = YES;
				CLANG_WARN_EMPTY_BODY = YES;
				CLANG_WARN_ENUM_CONVERSION = YES;
				CLANG_WARN_INFINITE_RECURSION = YES;
				CLANG_WARN_INT_CONVERSION = YES;
				CLANG_WARN_NON_LITERAL_NULL_CONVERSION = YES;
				CLANG_WARN_OBJC_IMPLICIT_RETAIN_SELF = YES;
				CLANG_WARN_OBJC_LITERAL_CONVERSION = YES;
				CLANG_WARN_OBJC_ROOT_CLASS = YES_ERROR;
				CLANG_WARN_QUOTED_INCLUDE_IN_FRAMEWORK_HEADER = YES;
				CLANG_WARN_RANGE_LOOP_ANALYSIS = YES;
				CLANG_WARN_STRICT_PROTOTYPES = YES;
				CLANG_WARN_SUSPICIOUS_MOVE = YES;
				CLANG_WARN_UNGUARDED_AVAILABILITY = YES_AGGRESSIVE;
				CLANG_WARN_UNREACHABLE_CODE = YES;
				CLANG_WARN__DUPLICATE_METHOD_MATCH = YES;
				COPY_PHASE_STRIP = NO;
				CURRENT_PROJECT_VERSION = 1;
				DEBUG_INFORMATION_FORMAT = "dwarf-with-dsym";
				ENABLE_NS_ASSERTIONS = NO;
				ENABLE_STRICT_OBJC_MSGSEND = YES;
				GCC_C_LANGUAGE_STANDARD = gnu11;
				GCC_NO_COMMON_BLOCKS = YES;
				GCC_WARN_64_TO_32_BIT_CONVERSION = YES;
				GCC_WARN_ABOUT_RETURN_TYPE = YES_ERROR;
				GCC_WARN_UNDECLARED_SELECTOR = YES;
				GCC_WARN_UNINITIALIZED_AUTOS = YES_AGGRESSIVE;
				GCC_WARN_UNUSED_FUNCTION = YES;
				GCC_WARN_UNUSED_VARIABLE = YES;
				IPHONEOS_DEPLOYMENT_TARGET = 15.4;
				MTL_ENABLE_DEBUG_INFO = NO;
				MTL_FAST_MATH = YES;
				SDKROOT = iphoneos;
				SWIFT_COMPILATION_MODE = wholemodule;
				SWIFT_OPTIMIZATION_LEVEL = "-O";
				VALIDATE_PRODUCT = YES;
				VERSIONING_SYSTEM = "apple-generic";
				VERSION_INFO_PREFIX = "";
			};
			name = Release;
		};
		7EB5861827F3006300DB7298 /* Debug */ = {
			isa = XCBuildConfiguration;
			buildSettings = {
				CODE_SIGN_STYLE = Automatic;
				CURRENT_PROJECT_VERSION = 1;
				DEFINES_MODULE = YES;
				DYLIB_COMPATIBILITY_VERSION = 1;
				DYLIB_CURRENT_VERSION = 1;
				DYLIB_INSTALL_NAME_BASE = "@rpath";
				GENERATE_INFOPLIST_FILE = YES;
				INFOPLIST_KEY_NSHumanReadableCopyright = "";
				INSTALL_PATH = "$(LOCAL_LIBRARY_DIR)/Frameworks";
				LD_RUNPATH_SEARCH_PATHS = (
					"$(inherited)",
					"@executable_path/Frameworks",
					"@loader_path/Frameworks",
				);
				MARKETING_VERSION = 1.0;
				PRODUCT_BUNDLE_IDENTIFIER = io.Kodif;
				PRODUCT_NAME = "$(TARGET_NAME:c99extidentifier)";
				SKIP_INSTALL = YES;
				SWIFT_EMIT_LOC_STRINGS = YES;
				SWIFT_VERSION = 5.0;
				TARGETED_DEVICE_FAMILY = "1,2";
			};
			name = Debug;
		};
		7EB5861927F3006300DB7298 /* Release */ = {
			isa = XCBuildConfiguration;
			buildSettings = {
				CODE_SIGN_STYLE = Automatic;
				CURRENT_PROJECT_VERSION = 1;
				DEFINES_MODULE = YES;
				DYLIB_COMPATIBILITY_VERSION = 1;
				DYLIB_CURRENT_VERSION = 1;
				DYLIB_INSTALL_NAME_BASE = "@rpath";
				GENERATE_INFOPLIST_FILE = YES;
				INFOPLIST_KEY_NSHumanReadableCopyright = "";
				INSTALL_PATH = "$(LOCAL_LIBRARY_DIR)/Frameworks";
				LD_RUNPATH_SEARCH_PATHS = (
					"$(inherited)",
					"@executable_path/Frameworks",
					"@loader_path/Frameworks",
				);
				MARKETING_VERSION = 1.0;
				PRODUCT_BUNDLE_IDENTIFIER = io.Kodif;
				PRODUCT_NAME = "$(TARGET_NAME:c99extidentifier)";
				SKIP_INSTALL = YES;
				SWIFT_EMIT_LOC_STRINGS = YES;
				SWIFT_VERSION = 5.0;
				TARGETED_DEVICE_FAMILY = "1,2";
			};
			name = Release;
		};
		7EB5861B27F3006300DB7298 /* Debug */ = {
			isa = XCBuildConfiguration;
			buildSettings = {
				ALWAYS_EMBED_SWIFT_STANDARD_LIBRARIES = YES;
				CODE_SIGN_STYLE = Automatic;
				CURRENT_PROJECT_VERSION = 1;
				GENERATE_INFOPLIST_FILE = YES;
				MARKETING_VERSION = 1.0;
				PRODUCT_BUNDLE_IDENTIFIER = io.KodifTests;
				PRODUCT_NAME = "$(TARGET_NAME)";
				SWIFT_EMIT_LOC_STRINGS = NO;
				SWIFT_VERSION = 5.0;
				TARGETED_DEVICE_FAMILY = "1,2";
			};
			name = Debug;
		};
		7EB5861C27F3006300DB7298 /* Release */ = {
			isa = XCBuildConfiguration;
			buildSettings = {
				ALWAYS_EMBED_SWIFT_STANDARD_LIBRARIES = YES;
				CODE_SIGN_STYLE = Automatic;
				CURRENT_PROJECT_VERSION = 1;
				GENERATE_INFOPLIST_FILE = YES;
				MARKETING_VERSION = 1.0;
				PRODUCT_BUNDLE_IDENTIFIER = io.KodifTests;
				PRODUCT_NAME = "$(TARGET_NAME)";
				SWIFT_EMIT_LOC_STRINGS = NO;
				SWIFT_VERSION = 5.0;
				TARGETED_DEVICE_FAMILY = "1,2";
			};
			name = Release;
		};
/* End XCBuildConfiguration section */

/* Begin XCConfigurationList section */
		7EB585FD27F3006200DB7298 /* Build configuration list for PBXProject "Kodif" */ = {
			isa = XCConfigurationList;
			buildConfigurations = (
				7EB5861527F3006300DB7298 /* Debug */,
				7EB5861627F3006300DB7298 /* Release */,
			);
			defaultConfigurationIsVisible = 0;
			defaultConfigurationName = Release;
		};
		7EB5861727F3006300DB7298 /* Build configuration list for PBXNativeTarget "Kodif" */ = {
			isa = XCConfigurationList;
			buildConfigurations = (
				7EB5861827F3006300DB7298 /* Debug */,
				7EB5861927F3006300DB7298 /* Release */,
			);
			defaultConfigurationIsVisible = 0;
			defaultConfigurationName = Release;
		};
		7EB5861A27F3006300DB7298 /* Build configuration list for PBXNativeTarget "KodifTests" */ = {
			isa = XCConfigurationList;
			buildConfigurations = (
				7EB5861B27F3006300DB7298 /* Debug */,
				7EB5861C27F3006300DB7298 /* Release */,
			);
			defaultConfigurationIsVisible = 0;
			defaultConfigurationName = Release;
		};
/* End XCConfigurationList section */
	};
	rootObject = 7EB585FA27F3006200DB7298 /* Project object */;
}
